// !$*UTF8*$!
{
	archiveVersion = 1;
	classes = {
	};
	objectVersion = 48;
	objects = {

/* Begin PBXBuildFile section */
		A463CABF1FC5C04900D8A813 /* AppDelegate.swift in Sources */ = {isa = PBXBuildFile; fileRef = A463CABE1FC5C04900D8A813 /* AppDelegate.swift */; };
		A463CAC11FC5C04900D8A813 /* ViewController.swift in Sources */ = {isa = PBXBuildFile; fileRef = A463CAC01FC5C04900D8A813 /* ViewController.swift */; };
		A463CAC41FC5C04900D8A813 /* Main.storyboard in Resources */ = {isa = PBXBuildFile; fileRef = A463CAC21FC5C04900D8A813 /* Main.storyboard */; };
		A463CAC61FC5C04900D8A813 /* Assets.xcassets in Resources */ = {isa = PBXBuildFile; fileRef = A463CAC51FC5C04900D8A813 /* Assets.xcassets */; };
		A463CAC91FC5C04900D8A813 /* LaunchScreen.storyboard in Resources */ = {isa = PBXBuildFile; fileRef = A463CAC71FC5C04900D8A813 /* LaunchScreen.storyboard */; };
		A463CAD41FC5C04A00D8A813 /* ToDoListTests.swift in Sources */ = {isa = PBXBuildFile; fileRef = A463CAD31FC5C04A00D8A813 /* ToDoListTests.swift */; };
/* End PBXBuildFile section */

/* Begin PBXContainerItemProxy section */
		A463CAD01FC5C04A00D8A813 /* PBXContainerItemProxy */ = {
			isa = PBXContainerItemProxy;
			containerPortal = A463CAB31FC5C04900D8A813 /* Project object */;
			proxyType = 1;
			remoteGlobalIDString = A463CABA1FC5C04900D8A813;
			remoteInfo = ToDoList;
		};
/* End PBXContainerItemProxy section */

/* Begin PBXFileReference section */
		A463CABB1FC5C04900D8A813 /* ToDoList.app */ = {isa = PBXFileReference; explicitFileType = wrapper.application; includeInIndex = 0; path = ToDoList.app; sourceTree = BUILT_PRODUCTS_DIR; };
		A463CABE1FC5C04900D8A813 /* AppDelegate.swift */ = {isa = PBXFileReference; lastKnownFileType = sourcecode.swift; path = AppDelegate.swift; sourceTree = "<group>"; };
		A463CAC01FC5C04900D8A813 /* ViewController.swift */ = {isa = PBXFileReference; lastKnownFileType = sourcecode.swift; path = ViewController.swift; sourceTree = "<group>"; };
		A463CAC31FC5C04900D8A813 /* Base */ = {isa = PBXFileReference; lastKnownFileType = file.storyboard; name = Base; path = Base.lproj/Main.storyboard; sourceTree = "<group>"; };
		A463CAC51FC5C04900D8A813 /* Assets.xcassets */ = {isa = PBXFileReference; lastKnownFileType = folder.assetcatalog; path = Assets.xcassets; sourceTree = "<group>"; };
		A463CAC81FC5C04900D8A813 /* Base */ = {isa = PBXFileReference; lastKnownFileType = file.storyboard; name = Base; path = Base.lproj/LaunchScreen.storyboard; sourceTree = "<group>"; };
		A463CACA1FC5C04900D8A813 /* Info.plist */ = {isa = PBXFileReference; lastKnownFileType = text.plist.xml; path = Info.plist; sourceTree = "<group>"; };
		A463CACF1FC5C04A00D8A813 /* ToDoListTests.xctest */ = {isa = PBXFileReference; explicitFileType = wrapper.cfbundle; includeInIndex = 0; path = ToDoListTests.xctest; sourceTree = BUILT_PRODUCTS_DIR; };
		A463CAD31FC5C04A00D8A813 /* ToDoListTests.swift */ = {isa = PBXFileReference; lastKnownFileType = sourcecode.swift; path = ToDoListTests.swift; sourceTree = "<group>"; };
		A463CAD51FC5C04A00D8A813 /* Info.plist */ = {isa = PBXFileReference; lastKnownFileType = text.plist.xml; path = Info.plist; sourceTree = "<group>"; };
/* End PBXFileReference section */

/* Begin PBXFrameworksBuildPhase section */
		A463CAB81FC5C04900D8A813 /* Frameworks */ = {
			isa = PBXFrameworksBuildPhase;
			buildActionMask = 2147483647;
			files = (
			);
			runOnlyForDeploymentPostprocessing = 0;
		};
		A463CACC1FC5C04A00D8A813 /* Frameworks */ = {
			isa = PBXFrameworksBuildPhase;
			buildActionMask = 2147483647;
			files = (
			);
			runOnlyForDeploymentPostprocessing = 0;
		};
/* End PBXFrameworksBuildPhase section */

/* Begin PBXGroup section */
		A463CAB21FC5C04900D8A813 = {
			isa = PBXGroup;
			children = (
				A463CABD1FC5C04900D8A813 /* ToDoList */,
				A463CAD21FC5C04A00D8A813 /* ToDoListTests */,
				A463CABC1FC5C04900D8A813 /* Products */,
			);
			sourceTree = "<group>";
		};
		A463CABC1FC5C04900D8A813 /* Products */ = {
			isa = PBXGroup;
			children = (
				A463CABB1FC5C04900D8A813 /* ToDoList.app */,
				A463CACF1FC5C04A00D8A813 /* ToDoListTests.xctest */,
			);
			name = Products;
			sourceTree = "<group>";
		};
		A463CABD1FC5C04900D8A813 /* ToDoList */ = {
			isa = PBXGroup;
			children = (
				A463CABE1FC5C04900D8A813 /* AppDelegate.swift */,
				A463CAC01FC5C04900D8A813 /* ViewController.swift */,
				A463CAC21FC5C04900D8A813 /* Main.storyboard */,
				A463CAC51FC5C04900D8A813 /* Assets.xcassets */,
				A463CAC71FC5C04900D8A813 /* LaunchScreen.storyboard */,
				A463CACA1FC5C04900D8A813 /* Info.plist */,
			);
			path = ToDoList;
			sourceTree = "<group>";
		};
		A463CAD21FC5C04A00D8A813 /* ToDoListTests */ = {
			isa = PBXGroup;
			children = (
				A463CAD31FC5C04A00D8A813 /* ToDoListTests.swift */,
				A463CAD51FC5C04A00D8A813 /* Info.plist */,
			);
			path = ToDoListTests;
			sourceTree = "<group>";
		};
/* End PBXGroup section */

/* Begin PBXNativeTarget section */
		A463CABA1FC5C04900D8A813 /* ToDoList */ = {
			isa = PBXNativeTarget;
			buildConfigurationList = A463CAD81FC5C04A00D8A813 /* Build configuration list for PBXNativeTarget "ToDoList" */;
			buildPhases = (
				A463CAB71FC5C04900D8A813 /* Sources */,
				A463CAB81FC5C04900D8A813 /* Frameworks */,
				A463CAB91FC5C04900D8A813 /* Resources */,
			);
			buildRules = (
			);
			dependencies = (
			);
			name = ToDoList;
			productName = ToDoList;
			productReference = A463CABB1FC5C04900D8A813 /* ToDoList.app */;
			productType = "com.apple.product-type.application";
		};
		A463CACE1FC5C04A00D8A813 /* ToDoListTests */ = {
			isa = PBXNativeTarget;
			buildConfigurationList = A463CADB1FC5C04A00D8A813 /* Build configuration list for PBXNativeTarget "ToDoListTests" */;
			buildPhases = (
				A463CACB1FC5C04A00D8A813 /* Sources */,
				A463CACC1FC5C04A00D8A813 /* Frameworks */,
				A463CACD1FC5C04A00D8A813 /* Resources */,
			);
			buildRules = (
			);
			dependencies = (
				A463CAD11FC5C04A00D8A813 /* PBXTargetDependency */,
			);
			name = ToDoListTests;
			productName = ToDoListTests;
			productReference = A463CACF1FC5C04A00D8A813 /* ToDoListTests.xctest */;
			productType = "com.apple.product-type.bundle.unit-test";
		};
/* End PBXNativeTarget section */

/* Begin PBXProject section */
		A463CAB31FC5C04900D8A813 /* Project object */ = {
			isa = PBXProject;
			attributes = {
				LastSwiftUpdateCheck = 0900;
				LastUpgradeCheck = 0900;
				ORGANIZATIONNAME = "Rob Dekker";
				TargetAttributes = {
					A463CABA1FC5C04900D8A813 = {
						CreatedOnToolsVersion = 9.0.1;
						ProvisioningStyle = Automatic;
					};
					A463CACE1FC5C04A00D8A813 = {
						CreatedOnToolsVersion = 9.0.1;
						ProvisioningStyle = Automatic;
						TestTargetID = A463CABA1FC5C04900D8A813;
					};
				};
			};
			buildConfigurationList = A463CAB61FC5C04900D8A813 /* Build configuration list for PBXProject "ToDoList" */;
			compatibilityVersion = "Xcode 8.0";
			developmentRegion = en;
			hasScannedForEncodings = 0;
			knownRegions = (
				en,
				Base,
			);
			mainGroup = A463CAB21FC5C04900D8A813;
			productRefGroup = A463CABC1FC5C04900D8A813 /* Products */;
			projectDirPath = "";
			projectRoot = "";
			targets = (
				A463CABA1FC5C04900D8A813 /* ToDoList */,
				A463CACE1FC5C04A00D8A813 /* ToDoListTests */,
			);
		};
/* End PBXProject section */

/* Begin PBXResourcesBuildPhase section */
		A463CAB91FC5C04900D8A813 /* Resources */ = {
			isa = PBXResourcesBuildPhase;
			buildActionMask = 2147483647;
			files = (
				A463CAC91FC5C04900D8A813 /* LaunchScreen.storyboard in Resources */,
				A463CAC61FC5C04900D8A813 /* Assets.xcassets in Resources */,
				A463CAC41FC5C04900D8A813 /* Main.storyboard in Resources */,
			);
			runOnlyForDeploymentPostprocessing = 0;
		};
		A463CACD1FC5C04A00D8A813 /* Resources */ = {
			isa = PBXResourcesBuildPhase;
			buildActionMask = 2147483647;
			files = (
			);
			runOnlyForDeploymentPostprocessing = 0;
		};
/* End PBXResourcesBuildPhase section */

/* Begin PBXSourcesBuildPhase section */
		A463CAB71FC5C04900D8A813 /* Sources */ = {
			isa = PBXSourcesBuildPhase;
			buildActionMask = 2147483647;
			files = (
				A463CAC11FC5C04900D8A813 /* ViewController.swift in Sources */,
				A463CABF1FC5C04900D8A813 /* AppDelegate.swift in Sources */,
			);
			runOnlyForDeploymentPostprocessing = 0;
		};
		A463CACB1FC5C04A00D8A813 /* Sources */ = {
			isa = PBXSourcesBuildPhase;
			buildActionMask = 2147483647;
			files = (
				A463CAD41FC5C04A00D8A813 /* ToDoListTests.swift in Sources */,
			);
			runOnlyForDeploymentPostprocessing = 0;
		};
/* End PBXSourcesBuildPhase section */

/* Begin PBXTargetDependency section */
		A463CAD11FC5C04A00D8A813 /* PBXTargetDependency */ = {
			isa = PBXTargetDependency;
			target = A463CABA1FC5C04900D8A813 /* ToDoList */;
			targetProxy = A463CAD01FC5C04A00D8A813 /* PBXContainerItemProxy */;
		};
/* End PBXTargetDependency section */

/* Begin PBXVariantGroup section */
		A463CAC21FC5C04900D8A813 /* Main.storyboard */ = {
			isa = PBXVariantGroup;
			children = (
				A463CAC31FC5C04900D8A813 /* Base */,
			);
			name = Main.storyboard;
			sourceTree = "<group>";
		};
		A463CAC71FC5C04900D8A813 /* LaunchScreen.storyboard */ = {
			isa = PBXVariantGroup;
			children = (
				A463CAC81FC5C04900D8A813 /* Base */,
			);
			name = LaunchScreen.storyboard;
			sourceTree = "<group>";
		};
/* End PBXVariantGroup section */

/* Begin XCBuildConfiguration section */
		A463CAD61FC5C04A00D8A813 /* Debug */ = {
			isa = XCBuildConfiguration;
			buildSettings = {
				ALWAYS_SEARCH_USER_PATHS = NO;
				CLANG_ANALYZER_NONNULL = YES;
				CLANG_ANALYZER_NUMBER_OBJECT_CONVERSION = YES_AGGRESSIVE;
				CLANG_CXX_LANGUAGE_STANDARD = "gnu++14";
				CLANG_CXX_LIBRARY = "libc++";
				CLANG_ENABLE_MODULES = YES;
				CLANG_ENABLE_OBJC_ARC = YES;
				CLANG_WARN_BLOCK_CAPTURE_AUTORELEASING = YES;
				CLANG_WARN_BOOL_CONVERSION = YES;
				CLANG_WARN_COMMA = YES;
				CLANG_WARN_CONSTANT_CONVERSION = YES;
				CLANG_WARN_DIRECT_OBJC_ISA_USAGE = YES_ERROR;
				CLANG_WARN_DOCUMENTATION_COMMENTS = YES;
				CLANG_WARN_EMPTY_BODY = YES;
				CLANG_WARN_ENUM_CONVERSION = YES;
				CLANG_WARN_INFINITE_RECURSION = YES;
				CLANG_WARN_INT_CONVERSION = YES;
				CLANG_WARN_NON_LITERAL_NULL_CONVERSION = YES;
				CLANG_WARN_OBJC_LITERAL_CONVERSION = YES;
				CLANG_WARN_OBJC_ROOT_CLASS = YES_ERROR;
				CLANG_WARN_RANGE_LOOP_ANALYSIS = YES;
				CLANG_WARN_STRICT_PROTOTYPES = YES;
				CLANG_WARN_SUSPICIOUS_MOVE = YES;
				CLANG_WARN_UNGUARDED_AVAILABILITY = YES_AGGRESSIVE;
				CLANG_WARN_UNREACHABLE_CODE = YES;
				CLANG_WARN__DUPLICATE_METHOD_MATCH = YES;
				CODE_SIGN_IDENTITY = "iPhone Developer";
				COPY_PHASE_STRIP = NO;
				DEBUG_INFORMATION_FORMAT = dwarf;
				ENABLE_STRICT_OBJC_MSGSEND = YES;
				ENABLE_TESTABILITY = YES;
				GCC_C_LANGUAGE_STANDARD = gnu11;
				GCC_DYNAMIC_NO_PIC = NO;
				GCC_NO_COMMON_BLOCKS = YES;
				GCC_OPTIMIZATION_LEVEL = 0;
				GCC_PREPROCESSOR_DEFINITIONS = (
					"DEBUG=1",
					"$(inherited)",
				);
				GCC_WARN_64_TO_32_BIT_CONVERSION = YES;
				GCC_WARN_ABOUT_RETURN_TYPE = YES_ERROR;
				GCC_WARN_UNDECLARED_SELECTOR = YES;
				GCC_WARN_UNINITIALIZED_AUTOS = YES_AGGRESSIVE;
				GCC_WARN_UNUSED_FUNCTION = YES;
				GCC_WARN_UNUSED_VARIABLE = YES;
				IPHONEOS_DEPLOYMENT_TARGET = 11.0;
				MTL_ENABLE_DEBUG_INFO = YES;
				ONLY_ACTIVE_ARCH = YES;
				SDKROOT = iphoneos;
				SWIFT_ACTIVE_COMPILATION_CONDITIONS = DEBUG;
				SWIFT_OPTIMIZATION_LEVEL = "-Onone";
			};
			name = Debug;
		};
		A463CAD71FC5C04A00D8A813 /* Release */ = {
			isa = XCBuildConfiguration;
			buildSettings = {
				ALWAYS_SEARCH_USER_PATHS = NO;
				CLANG_ANALYZER_NONNULL = YES;
				CLANG_ANALYZER_NUMBER_OBJECT_CONVERSION = YES_AGGRESSIVE;
				CLANG_CXX_LANGUAGE_STANDARD = "gnu++14";
				CLANG_CXX_LIBRARY = "libc++";
				CLANG_ENABLE_MODULES = YES;
				CLANG_ENABLE_OBJC_ARC = YES;
				CLANG_WARN_BLOCK_CAPTURE_AUTORELEASING = YES;
				CLANG_WARN_BOOL_CONVERSION = YES;
				CLANG_WARN_COMMA = YES;
				CLANG_WARN_CONSTANT_CONVERSION = YES;
				CLANG_WARN_DIRECT_OBJC_ISA_USAGE = YES_ERROR;
				CLANG_WARN_DOCUMENTATION_COMMENTS = YES;
				CLANG_WARN_EMPTY_BODY = YES;
				CLANG_WARN_ENUM_CONVERSION = YES;
				CLANG_WARN_INFINITE_RECURSION = YES;
				CLANG_WARN_INT_CONVERSION = YES;
				CLANG_WARN_NON_LITERAL_NULL_CONVERSION = YES;
				CLANG_WARN_OBJC_LITERAL_CONVERSION = YES;
				CLANG_WARN_OBJC_ROOT_CLASS = YES_ERROR;
				CLANG_WARN_RANGE_LOOP_ANALYSIS = YES;
				CLANG_WARN_STRICT_PROTOTYPES = YES;
				CLANG_WARN_SUSPICIOUS_MOVE = YES;
				CLANG_WARN_UNGUARDED_AVAILABILITY = YES_AGGRESSIVE;
				CLANG_WARN_UNREACHABLE_CODE = YES;
				CLANG_WARN__DUPLICATE_METHOD_MATCH = YES;
				CODE_SIGN_IDENTITY = "iPhone Developer";
				COPY_PHASE_STRIP = NO;
				DEBUG_INFORMATION_FORMAT = "dwarf-with-dsym";
				ENABLE_NS_ASSERTIONS = NO;
				ENABLE_STRICT_OBJC_MSGSEND = YES;
				GCC_C_LANGUAGE_STANDARD = gnu11;
				GCC_NO_COMMON_BLOCKS = YES;
				GCC_WARN_64_TO_32_BIT_CONVERSION = YES;
				GCC_WARN_ABOUT_RETURN_TYPE = YES_ERROR;
				GCC_WARN_UNDECLARED_SELECTOR = YES;
				GCC_WARN_UNINITIALIZED_AUTOS = YES_AGGRESSIVE;
				GCC_WARN_UNUSED_FUNCTION = YES;
				GCC_WARN_UNUSED_VARIABLE = YES;
				IPHONEOS_DEPLOYMENT_TARGET = 11.0;
				MTL_ENABLE_DEBUG_INFO = NO;
				SDKROOT = iphoneos;
				SWIFT_OPTIMIZATION_LEVEL = "-Owholemodule";
				VALIDATE_PRODUCT = YES;
			};
			name = Release;
		};
		A463CAD91FC5C04A00D8A813 /* Debug */ = {
			isa = XCBuildConfiguration;
			buildSettings = {
				ASSETCATALOG_COMPILER_APPICON_NAME = AppIcon;
				CODE_SIGN_STYLE = Automatic;
				DEVELOPMENT_TEAM = N8D27KM92G;
				INFOPLIST_FILE = ToDoList/Info.plist;
				LD_RUNPATH_SEARCH_PATHS = "$(inherited) @executable_path/Frameworks";
				PRODUCT_BUNDLE_IDENTIFIER = com.uniek.ToDoList;
				PRODUCT_NAME = "$(TARGET_NAME)";
				SWIFT_VERSION = 4.0;
				TARGETED_DEVICE_FAMILY = "1,2";
			};
			name = Debug;
		};
		A463CADA1FC5C04A00D8A813 /* Release */ = {
			isa = XCBuildConfiguration;
			buildSettings = {
				ASSETCATALOG_COMPILER_APPICON_NAME = AppIcon;
				CODE_SIGN_STYLE = Automatic;
				DEVELOPMENT_TEAM = N8D27KM92G;
				INFOPLIST_FILE = ToDoList/Info.plist;
				LD_RUNPATH_SEARCH_PATHS = "$(inherited) @executable_path/Frameworks";
				PRODUCT_BUNDLE_IDENTIFIER = com.uniek.ToDoList;
				PRODUCT_NAME = "$(TARGET_NAME)";
				SWIFT_VERSION = 4.0;
				TARGETED_DEVICE_FAMILY = "1,2";
			};
			name = Release;
		};
		A463CADC1FC5C04A00D8A813 /* Debug */ = {
			isa = XCBuildConfiguration;
			buildSettings = {
				ALWAYS_EMBED_SWIFT_STANDARD_LIBRARIES = YES;
				BUNDLE_LOADER = "$(TEST_HOST)";
				CODE_SIGN_STYLE = Automatic;
				DEVELOPMENT_TEAM = N8D27KM92G;
				INFOPLIST_FILE = ToDoListTests/Info.plist;
				LD_RUNPATH_SEARCH_PATHS = "$(inherited) @executable_path/Frameworks @loader_path/Frameworks";
				PRODUCT_BUNDLE_IDENTIFIER = com.uniek.ToDoListTests;
				PRODUCT_NAME = "$(TARGET_NAME)";
				SWIFT_VERSION = 4.0;
				TARGETED_DEVICE_FAMILY = "1,2";
				TEST_HOST = "$(BUILT_PRODUCTS_DIR)/ToDoList.app/ToDoList";
			};
			name = Debug;
		};
		A463CADD1FC5C04A00D8A813 /* Release */ = {
			isa = XCBuildConfiguration;
			buildSettings = {
				ALWAYS_EMBED_SWIFT_STANDARD_LIBRARIES = YES;
				BUNDLE_LOADER = "$(TEST_HOST)";
				CODE_SIGN_STYLE = Automatic;
				DEVELOPMENT_TEAM = N8D27KM92G;
				INFOPLIST_FILE = ToDoListTests/Info.plist;
				LD_RUNPATH_SEARCH_PATHS = "$(inherited) @executable_path/Frameworks @loader_path/Frameworks";
				PRODUCT_BUNDLE_IDENTIFIER = com.uniek.ToDoListTests;
				PRODUCT_NAME = "$(TARGET_NAME)";
				SWIFT_VERSION = 4.0;
				TARGETED_DEVICE_FAMILY = "1,2";
				TEST_HOST = "$(BUILT_PRODUCTS_DIR)/ToDoList.app/ToDoList";
			};
			name = Release;
		};
/* End XCBuildConfiguration section */

/* Begin XCConfigurationList section */
		A463CAB61FC5C04900D8A813 /* Build configuration list for PBXProject "ToDoList" */ = {
			isa = XCConfigurationList;
			buildConfigurations = (
				A463CAD61FC5C04A00D8A813 /* Debug */,
				A463CAD71FC5C04A00D8A813 /* Release */,
			);
			defaultConfigurationIsVisible = 0;
			defaultConfigurationName = Release;
		};
		A463CAD81FC5C04A00D8A813 /* Build configuration list for PBXNativeTarget "ToDoList" */ = {
			isa = XCConfigurationList;
			buildConfigurations = (
				A463CAD91FC5C04A00D8A813 /* Debug */,
				A463CADA1FC5C04A00D8A813 /* Release */,
			);
			defaultConfigurationIsVisible = 0;
			defaultConfigurationName = Release;
		};
		A463CADB1FC5C04A00D8A813 /* Build configuration list for PBXNativeTarget "ToDoListTests" */ = {
			isa = XCConfigurationList;
			buildConfigurations = (
				A463CADC1FC5C04A00D8A813 /* Debug */,
				A463CADD1FC5C04A00D8A813 /* Release */,
			);
			defaultConfigurationIsVisible = 0;
			defaultConfigurationName = Release;
		};
/* End XCConfigurationList section */
	};
	rootObject = A463CAB31FC5C04900D8A813 /* Project object */;
}
